PODS:
  - FMDB (2.7.5):
    - FMDB/standard (= 2.7.5)
  - FMDB/standard (2.7.5)
  - MJRefresh (3.1.15.7)
  - MLLabel (1.10.5)
  - MMWebView (1.2)
  - SDWebImage (4.4.3):
    - SDWebImage/Core (= 4.4.3)
  - SDWebImage/Core (4.4.3)
  - UMengAnalytics-NO-IDFA (4.2.5)
  - UUActionSheet (1.7)
  - UUButton (1.1)
  - YYText (1.0.7)

DEPENDENCIES:
  - FMDB
  - MJRefresh
  - MLLabel
  - MMWebView
  - SDWebImage
  - UMengAnalytics-NO-IDFA
  - UUActionSheet
  - UUButton
  - YYText

SPEC REPOS:
  https://github.com/cocoapods/specs.git:
    - FMDB
    - MJRefresh
    - MLLabel
    - MMWebView
    - SDWebImage
    - UMengAnalytics-NO-IDFA
    - UUActionSheet
    - UUButton
    - YYText

SPEC CHECKSUMS:
  FMDB: 2ce00b547f966261cd18927a3ddb07cb6f3db82a
  MJRefresh: 697f8ec75ebdbe9207767bb682cf0f51b0d8a41f
  MLLabel: d76124055a2205e7f76878e62cd06ba925ba0c97
  MMWebView: e316971fbd8fb9c7fdc02b96c35d450f77961002
  SDWebImage: c5594f1a19c48d526d321e548902b56b479cd508
  UMengAnalytics-NO-IDFA: 16666e32edce5be44ae5b14aaaa7f3582e09d6ab
  UUActionSheet: a73fb593b835e66f679e51c9ccdf470070475c60
  UUButton: 9a19bbe0c812a6920de21da8acca7a2d0bad52da
  YYText: 5c461d709e24d55a182d1441c41dc639a18a4849

PODFILE CHECKSUM: 464bb76947a622d5795ef3998987bd7dcb273e8e

COCOAPODS: 1.5.3
